// !$*UTF8*$!
{
	archiveVersion = 1;
	classes = {
	};
	objectVersion = 56;
	objects = {

/* Begin PBXBuildFile section */
		3F5B93D929A6DA960019CEEC /* SocialcademyApp.swift in Sources */ = {isa = PBXBuildFile; fileRef = 3F5B93D829A6DA960019CEEC /* SocialcademyApp.swift */; };
		3F5B93DD29A6DA960019CEEC /* Assets.xcassets in Resources */ = {isa = PBXBuildFile; fileRef = 3F5B93DC29A6DA960019CEEC /* Assets.xcassets */; };
		3F5B93E029A6DA960019CEEC /* Preview Assets.xcassets in Resources */ = {isa = PBXBuildFile; fileRef = 3F5B93DF29A6DA960019CEEC /* Preview Assets.xcassets */; };
		3F5B93EA29A6DA960019CEEC /* SocialcademyTests.swift in Sources */ = {isa = PBXBuildFile; fileRef = 3F5B93E929A6DA960019CEEC /* SocialcademyTests.swift */; };
		3F5B93F429A6DA960019CEEC /* SocialcademyUITests.swift in Sources */ = {isa = PBXBuildFile; fileRef = 3F5B93F329A6DA960019CEEC /* SocialcademyUITests.swift */; };
		3F5B93F629A6DA960019CEEC /* SocialcademyUITestsLaunchTests.swift in Sources */ = {isa = PBXBuildFile; fileRef = 3F5B93F529A6DA960019CEEC /* SocialcademyUITestsLaunchTests.swift */; };
		3F7D946329A6F1ED0079A466 /* FirebaseAnalytics in Frameworks */ = {isa = PBXBuildFile; productRef = 3F7D946229A6F1ED0079A466 /* FirebaseAnalytics */; };
		3F7D946529A6F1ED0079A466 /* FirebaseFirestore in Frameworks */ = {isa = PBXBuildFile; productRef = 3F7D946429A6F1ED0079A466 /* FirebaseFirestore */; };
		3F7D946729A6F1ED0079A466 /* FirebaseFirestoreSwift in Frameworks */ = {isa = PBXBuildFile; productRef = 3F7D946629A6F1ED0079A466 /* FirebaseFirestoreSwift */; };
		3F7D946929A6F23F0079A466 /* GoogleService-Info.plist in Resources */ = {isa = PBXBuildFile; fileRef = 3F7D946829A6F23F0079A466 /* GoogleService-Info.plist */; };
		3F7D947029A6F33D0079A466 /* Post.swift in Sources */ = {isa = PBXBuildFile; fileRef = 3F7D946F29A6F33D0079A466 /* Post.swift */; };
		3F7D947229A6F3C80079A466 /* PostsList.swift in Sources */ = {isa = PBXBuildFile; fileRef = 3F7D947129A6F3C80079A466 /* PostsList.swift */; };
		3F7D947429A6F5900079A466 /* PostRow.swift in Sources */ = {isa = PBXBuildFile; fileRef = 3F7D947329A6F5900079A466 /* PostRow.swift */; };
		3F7D947629A70F640079A466 /* NewPostForm.swift in Sources */ = {isa = PBXBuildFile; fileRef = 3F7D947529A70F640079A466 /* NewPostForm.swift */; };
		3F7D947929A715CC0079A466 /* PostsViewModel.swift in Sources */ = {isa = PBXBuildFile; fileRef = 3F7D947829A715CC0079A466 /* PostsViewModel.swift */; };
		3F7D947C29A7986F0079A466 /* PostsRepository.swift in Sources */ = {isa = PBXBuildFile; fileRef = 3F7D947B29A7986F0079A466 /* PostsRepository.swift */; };
		3F7D947F29A7EE460079A466 /* Loadable.swift in Sources */ = {isa = PBXBuildFile; fileRef = 3F7D947E29A7EE460079A466 /* Loadable.swift */; };
		3F7D948229A80F7D0079A466 /* EmptyListView.swift in Sources */ = {isa = PBXBuildFile; fileRef = 3F7D948129A80F7D0079A466 /* EmptyListView.swift */; };
		3F7D948429A854A50079A466 /* Alert+Error.swift in Sources */ = {isa = PBXBuildFile; fileRef = 3F7D948329A854A50079A466 /* Alert+Error.swift */; };
/* End PBXBuildFile section */

/* Begin PBXContainerItemProxy section */
		3F5B93E629A6DA960019CEEC /* PBXContainerItemProxy */ = {
			isa = PBXContainerItemProxy;
			containerPortal = 3F5B93CD29A6DA960019CEEC /* Project object */;
			proxyType = 1;
			remoteGlobalIDString = 3F5B93D429A6DA960019CEEC;
			remoteInfo = Socialcademy;
		};
		3F5B93F029A6DA960019CEEC /* PBXContainerItemProxy */ = {
			isa = PBXContainerItemProxy;
			containerPortal = 3F5B93CD29A6DA960019CEEC /* Project object */;
			proxyType = 1;
			remoteGlobalIDString = 3F5B93D429A6DA960019CEEC;
			remoteInfo = Socialcademy;
		};
/* End PBXContainerItemProxy section */

/* Begin PBXFileReference section */
		3F5B93D529A6DA960019CEEC /* Socialcademy.app */ = {isa = PBXFileReference; explicitFileType = wrapper.application; includeInIndex = 0; path = Socialcademy.app; sourceTree = BUILT_PRODUCTS_DIR; };
		3F5B93D829A6DA960019CEEC /* SocialcademyApp.swift */ = {isa = PBXFileReference; lastKnownFileType = sourcecode.swift; path = SocialcademyApp.swift; sourceTree = "<group>"; };
		3F5B93DC29A6DA960019CEEC /* Assets.xcassets */ = {isa = PBXFileReference; lastKnownFileType = folder.assetcatalog; path = Assets.xcassets; sourceTree = "<group>"; };
		3F5B93DF29A6DA960019CEEC /* Preview Assets.xcassets */ = {isa = PBXFileReference; lastKnownFileType = folder.assetcatalog; path = "Preview Assets.xcassets"; sourceTree = "<group>"; };
		3F5B93E529A6DA960019CEEC /* SocialcademyTests.xctest */ = {isa = PBXFileReference; explicitFileType = wrapper.cfbundle; includeInIndex = 0; path = SocialcademyTests.xctest; sourceTree = BUILT_PRODUCTS_DIR; };
		3F5B93E929A6DA960019CEEC /* SocialcademyTests.swift */ = {isa = PBXFileReference; lastKnownFileType = sourcecode.swift; path = SocialcademyTests.swift; sourceTree = "<group>"; };
		3F5B93EF29A6DA960019CEEC /* SocialcademyUITests.xctest */ = {isa = PBXFileReference; explicitFileType = wrapper.cfbundle; includeInIndex = 0; path = SocialcademyUITests.xctest; sourceTree = BUILT_PRODUCTS_DIR; };
		3F5B93F329A6DA960019CEEC /* SocialcademyUITests.swift */ = {isa = PBXFileReference; lastKnownFileType = sourcecode.swift; path = SocialcademyUITests.swift; sourceTree = "<group>"; };
		3F5B93F529A6DA960019CEEC /* SocialcademyUITestsLaunchTests.swift */ = {isa = PBXFileReference; lastKnownFileType = sourcecode.swift; path = SocialcademyUITestsLaunchTests.swift; sourceTree = "<group>"; };
		3F7D946829A6F23F0079A466 /* GoogleService-Info.plist */ = {isa = PBXFileReference; fileEncoding = 4; lastKnownFileType = text.plist.xml; path = "GoogleService-Info.plist"; sourceTree = "<group>"; };
		3F7D946F29A6F33D0079A466 /* Post.swift */ = {isa = PBXFileReference; lastKnownFileType = sourcecode.swift; path = Post.swift; sourceTree = "<group>"; };
		3F7D947129A6F3C80079A466 /* PostsList.swift */ = {isa = PBXFileReference; lastKnownFileType = sourcecode.swift; path = PostsList.swift; sourceTree = "<group>"; };
		3F7D947329A6F5900079A466 /* PostRow.swift */ = {isa = PBXFileReference; lastKnownFileType = sourcecode.swift; path = PostRow.swift; sourceTree = "<group>"; };
		3F7D947529A70F640079A466 /* NewPostForm.swift */ = {isa = PBXFileReference; lastKnownFileType = sourcecode.swift; path = NewPostForm.swift; sourceTree = "<group>"; };
		3F7D947829A715CC0079A466 /* PostsViewModel.swift */ = {isa = PBXFileReference; lastKnownFileType = sourcecode.swift; path = PostsViewModel.swift; sourceTree = "<group>"; };
		3F7D947B29A7986F0079A466 /* PostsRepository.swift */ = {isa = PBXFileReference; lastKnownFileType = sourcecode.swift; path = PostsRepository.swift; sourceTree = "<group>"; };
		3F7D947E29A7EE460079A466 /* Loadable.swift */ = {isa = PBXFileReference; lastKnownFileType = sourcecode.swift; path = Loadable.swift; sourceTree = "<group>"; };
		3F7D948129A80F7D0079A466 /* EmptyListView.swift */ = {isa = PBXFileReference; lastKnownFileType = sourcecode.swift; path = EmptyListView.swift; sourceTree = "<group>"; };
		3F7D948329A854A50079A466 /* Alert+Error.swift */ = {isa = PBXFileReference; lastKnownFileType = sourcecode.swift; path = "Alert+Error.swift"; sourceTree = "<group>"; };
/* End PBXFileReference section */

/* Begin PBXFrameworksBuildPhase section */
		3F5B93D229A6DA960019CEEC /* Frameworks */ = {
			isa = PBXFrameworksBuildPhase;
			buildActionMask = 2147483647;
			files = (
				3F7D946329A6F1ED0079A466 /* FirebaseAnalytics in Frameworks */,
				3F7D946529A6F1ED0079A466 /* FirebaseFirestore in Frameworks */,
				3F7D946729A6F1ED0079A466 /* FirebaseFirestoreSwift in Frameworks */,
			);
			runOnlyForDeploymentPostprocessing = 0;
		};
		3F5B93E229A6DA960019CEEC /* Frameworks */ = {
			isa = PBXFrameworksBuildPhase;
			buildActionMask = 2147483647;
			files = (
			);
			runOnlyForDeploymentPostprocessing = 0;
		};
		3F5B93EC29A6DA960019CEEC /* Frameworks */ = {
			isa = PBXFrameworksBuildPhase;
			buildActionMask = 2147483647;
			files = (
			);
			runOnlyForDeploymentPostprocessing = 0;
		};
/* End PBXFrameworksBuildPhase section */

/* Begin PBXGroup section */
		3F5B93CC29A6DA960019CEEC = {
			isa = PBXGroup;
			children = (
				3F5B93D729A6DA960019CEEC /* Socialcademy */,
				3F5B93E829A6DA960019CEEC /* SocialcademyTests */,
				3F5B93F229A6DA960019CEEC /* SocialcademyUITests */,
				3F5B93D629A6DA960019CEEC /* Products */,
			);
			sourceTree = "<group>";
		};
		3F5B93D629A6DA960019CEEC /* Products */ = {
			isa = PBXGroup;
			children = (
				3F5B93D529A6DA960019CEEC /* Socialcademy.app */,
				3F5B93E529A6DA960019CEEC /* SocialcademyTests.xctest */,
				3F5B93EF29A6DA960019CEEC /* SocialcademyUITests.xctest */,
			);
			name = Products;
			sourceTree = "<group>";
		};
		3F5B93D729A6DA960019CEEC /* Socialcademy */ = {
			isa = PBXGroup;
			children = (
				3F5B93D829A6DA960019CEEC /* SocialcademyApp.swift */,
				3F7D948029A80F590079A466 /* Supporting Views */,
				3F7D947D29A7EE2C0079A466 /* Utilities */,
				3F7D947A29A798490079A466 /* Repositories */,
				3F7D947729A715A00079A466 /* View Models */,
				3F7D946C29A6F30C0079A466 /* Models */,
				3F7D946B29A6F2820079A466 /* Resources */,
				3F7D946A29A6F26A0079A466 /* Views */,
				3F5B93DE29A6DA960019CEEC /* Preview Content */,
			);
			path = Socialcademy;
			sourceTree = "<group>";
		};
		3F5B93DE29A6DA960019CEEC /* Preview Content */ = {
			isa = PBXGroup;
			children = (
				3F5B93DF29A6DA960019CEEC /* Preview Assets.xcassets */,
			);
			path = "Preview Content";
			sourceTree = "<group>";
		};
		3F5B93E829A6DA960019CEEC /* SocialcademyTests */ = {
			isa = PBXGroup;
			children = (
				3F5B93E929A6DA960019CEEC /* SocialcademyTests.swift */,
			);
			path = SocialcademyTests;
			sourceTree = "<group>";
		};
		3F5B93F229A6DA960019CEEC /* SocialcademyUITests */ = {
			isa = PBXGroup;
			children = (
				3F5B93F329A6DA960019CEEC /* SocialcademyUITests.swift */,
				3F5B93F529A6DA960019CEEC /* SocialcademyUITestsLaunchTests.swift */,
			);
			path = SocialcademyUITests;
			sourceTree = "<group>";
		};
		3F7D946A29A6F26A0079A466 /* Views */ = {
			isa = PBXGroup;
			children = (
				3F7D947129A6F3C80079A466 /* PostsList.swift */,
				3F7D947329A6F5900079A466 /* PostRow.swift */,
				3F7D947529A70F640079A466 /* NewPostForm.swift */,
			);
			path = Views;
			sourceTree = "<group>";
		};
		3F7D946B29A6F2820079A466 /* Resources */ = {
			isa = PBXGroup;
			children = (
				3F7D946829A6F23F0079A466 /* GoogleService-Info.plist */,
				3F5B93DC29A6DA960019CEEC /* Assets.xcassets */,
			);
			path = Resources;
			sourceTree = "<group>";
		};
		3F7D946C29A6F30C0079A466 /* Models */ = {
			isa = PBXGroup;
			children = (
				3F7D946F29A6F33D0079A466 /* Post.swift */,
			);
			path = Models;
			sourceTree = "<group>";
		};
		3F7D947729A715A00079A466 /* View Models */ = {
			isa = PBXGroup;
			children = (
				3F7D947829A715CC0079A466 /* PostsViewModel.swift */,
			);
			path = "View Models";
			sourceTree = "<group>";
		};
		3F7D947A29A798490079A466 /* Repositories */ = {
			isa = PBXGroup;
			children = (
				3F7D947B29A7986F0079A466 /* PostsRepository.swift */,
			);
			path = Repositories;
			sourceTree = "<group>";
		};
		3F7D947D29A7EE2C0079A466 /* Utilities */ = {
			isa = PBXGroup;
			children = (
				3F7D947E29A7EE460079A466 /* Loadable.swift */,
			);
			path = Utilities;
			sourceTree = "<group>";
		};
		3F7D948029A80F590079A466 /* Supporting Views */ = {
			isa = PBXGroup;
			children = (
				3F7D948129A80F7D0079A466 /* EmptyListView.swift */,
				3F7D948329A854A50079A466 /* Alert+Error.swift */,
			);
			path = "Supporting Views";
			sourceTree = "<group>";
		};
/* End PBXGroup section */

/* Begin PBXNativeTarget section */
		3F5B93D429A6DA960019CEEC /* Socialcademy */ = {
			isa = PBXNativeTarget;
			buildConfigurationList = 3F5B93F929A6DA960019CEEC /* Build configuration list for PBXNativeTarget "Socialcademy" */;
			buildPhases = (
				3F5B93D129A6DA960019CEEC /* Sources */,
				3F5B93D229A6DA960019CEEC /* Frameworks */,
				3F5B93D329A6DA960019CEEC /* Resources */,
			);
			buildRules = (
			);
			dependencies = (
			);
			name = Socialcademy;
			packageProductDependencies = (
				3F7D946229A6F1ED0079A466 /* FirebaseAnalytics */,
				3F7D946429A6F1ED0079A466 /* FirebaseFirestore */,
				3F7D946629A6F1ED0079A466 /* FirebaseFirestoreSwift */,
			);
			productName = Socialcademy;
			productReference = 3F5B93D529A6DA960019CEEC /* Socialcademy.app */;
			productType = "com.apple.product-type.application";
		};
		3F5B93E429A6DA960019CEEC /* SocialcademyTests */ = {
			isa = PBXNativeTarget;
			buildConfigurationList = 3F5B93FC29A6DA960019CEEC /* Build configuration list for PBXNativeTarget "SocialcademyTests" */;
			buildPhases = (
				3F5B93E129A6DA960019CEEC /* Sources */,
				3F5B93E229A6DA960019CEEC /* Frameworks */,
				3F5B93E329A6DA960019CEEC /* Resources */,
			);
			buildRules = (
			);
			dependencies = (
				3F5B93E729A6DA960019CEEC /* PBXTargetDependency */,
			);
			name = SocialcademyTests;
			productName = SocialcademyTests;
			productReference = 3F5B93E529A6DA960019CEEC /* SocialcademyTests.xctest */;
			productType = "com.apple.product-type.bundle.unit-test";
		};
		3F5B93EE29A6DA960019CEEC /* SocialcademyUITests */ = {
			isa = PBXNativeTarget;
			buildConfigurationList = 3F5B93FF29A6DA960019CEEC /* Build configuration list for PBXNativeTarget "SocialcademyUITests" */;
			buildPhases = (
				3F5B93EB29A6DA960019CEEC /* Sources */,
				3F5B93EC29A6DA960019CEEC /* Frameworks */,
				3F5B93ED29A6DA960019CEEC /* Resources */,
			);
			buildRules = (
			);
			dependencies = (
				3F5B93F129A6DA960019CEEC /* PBXTargetDependency */,
			);
			name = SocialcademyUITests;
			productName = SocialcademyUITests;
			productReference = 3F5B93EF29A6DA960019CEEC /* SocialcademyUITests.xctest */;
			productType = "com.apple.product-type.bundle.ui-testing";
		};
/* End PBXNativeTarget section */

/* Begin PBXProject section */
		3F5B93CD29A6DA960019CEEC /* Project object */ = {
			isa = PBXProject;
			attributes = {
				BuildIndependentTargetsInParallel = 1;
				LastSwiftUpdateCheck = 1420;
				LastUpgradeCheck = 1420;
				TargetAttributes = {
					3F5B93D429A6DA960019CEEC = {
						CreatedOnToolsVersion = 14.2;
					};
					3F5B93E429A6DA960019CEEC = {
						CreatedOnToolsVersion = 14.2;
						TestTargetID = 3F5B93D429A6DA960019CEEC;
					};
					3F5B93EE29A6DA960019CEEC = {
						CreatedOnToolsVersion = 14.2;
						TestTargetID = 3F5B93D429A6DA960019CEEC;
					};
				};
			};
			buildConfigurationList = 3F5B93D029A6DA960019CEEC /* Build configuration list for PBXProject "Socialcademy" */;
			compatibilityVersion = "Xcode 14.0";
			developmentRegion = en;
			hasScannedForEncodings = 0;
			knownRegions = (
				en,
				Base,
			);
			mainGroup = 3F5B93CC29A6DA960019CEEC;
			packageReferences = (
				3F7D946129A6F1ED0079A466 /* XCRemoteSwiftPackageReference "firebase-ios-sdk" */,
			);
			productRefGroup = 3F5B93D629A6DA960019CEEC /* Products */;
			projectDirPath = "";
			projectRoot = "";
			targets = (
				3F5B93D429A6DA960019CEEC /* Socialcademy */,
				3F5B93E429A6DA960019CEEC /* SocialcademyTests */,
				3F5B93EE29A6DA960019CEEC /* SocialcademyUITests */,
			);
		};
/* End PBXProject section */

/* Begin PBXResourcesBuildPhase section */
		3F5B93D329A6DA960019CEEC /* Resources */ = {
			isa = PBXResourcesBuildPhase;
			buildActionMask = 2147483647;
			files = (
				3F5B93E029A6DA960019CEEC /* Preview Assets.xcassets in Resources */,
				3F5B93DD29A6DA960019CEEC /* Assets.xcassets in Resources */,
				3F7D946929A6F23F0079A466 /* GoogleService-Info.plist in Resources */,
			);
			runOnlyForDeploymentPostprocessing = 0;
		};
		3F5B93E329A6DA960019CEEC /* Resources */ = {
			isa = PBXResourcesBuildPhase;
			buildActionMask = 2147483647;
			files = (
			);
			runOnlyForDeploymentPostprocessing = 0;
		};
		3F5B93ED29A6DA960019CEEC /* Resources */ = {
			isa = PBXResourcesBuildPhase;
			buildActionMask = 2147483647;
			files = (
			);
			runOnlyForDeploymentPostprocessing = 0;
		};
/* End PBXResourcesBuildPhase section */

/* Begin PBXSourcesBuildPhase section */
		3F5B93D129A6DA960019CEEC /* Sources */ = {
			isa = PBXSourcesBuildPhase;
			buildActionMask = 2147483647;
			files = (
				3F7D947029A6F33D0079A466 /* Post.swift in Sources */,
				3F5B93D929A6DA960019CEEC /* SocialcademyApp.swift in Sources */,
				3F7D947C29A7986F0079A466 /* PostsRepository.swift in Sources */,
				3F7D947929A715CC0079A466 /* PostsViewModel.swift in Sources */,
				3F7D947429A6F5900079A466 /* PostRow.swift in Sources */,
				3F7D947F29A7EE460079A466 /* Loadable.swift in Sources */,
				3F7D947229A6F3C80079A466 /* PostsList.swift in Sources */,
				3F7D948429A854A50079A466 /* Alert+Error.swift in Sources */,
				3F7D947629A70F640079A466 /* NewPostForm.swift in Sources */,
				3F7D948229A80F7D0079A466 /* EmptyListView.swift in Sources */,
			);
			runOnlyForDeploymentPostprocessing = 0;
		};
		3F5B93E129A6DA960019CEEC /* Sources */ = {
			isa = PBXSourcesBuildPhase;
			buildActionMask = 2147483647;
			files = (
				3F5B93EA29A6DA960019CEEC /* SocialcademyTests.swift in Sources */,
			);
			runOnlyForDeploymentPostprocessing = 0;
		};
		3F5B93EB29A6DA960019CEEC /* Sources */ = {
			isa = PBXSourcesBuildPhase;
			buildActionMask = 2147483647;
			files = (
				3F5B93F629A6DA960019CEEC /* SocialcademyUITestsLaunchTests.swift in Sources */,
				3F5B93F429A6DA960019CEEC /* SocialcademyUITests.swift in Sources */,
			);
			runOnlyForDeploymentPostprocessing = 0;
		};
/* End PBXSourcesBuildPhase section */

/* Begin PBXTargetDependency section */
		3F5B93E729A6DA960019CEEC /* PBXTargetDependency */ = {
			isa = PBXTargetDependency;
			target = 3F5B93D429A6DA960019CEEC /* Socialcademy */;
			targetProxy = 3F5B93E629A6DA960019CEEC /* PBXContainerItemProxy */;
		};
		3F5B93F129A6DA960019CEEC /* PBXTargetDependency */ = {
			isa = PBXTargetDependency;
			target = 3F5B93D429A6DA960019CEEC /* Socialcademy */;
			targetProxy = 3F5B93F029A6DA960019CEEC /* PBXContainerItemProxy */;
		};
/* End PBXTargetDependency section */

/* Begin XCBuildConfiguration section */
		3F5B93F729A6DA960019CEEC /* Debug */ = {
			isa = XCBuildConfiguration;
			buildSettings = {
				ALWAYS_SEARCH_USER_PATHS = NO;
				CLANG_ANALYZER_NONNULL = YES;
				CLANG_ANALYZER_NUMBER_OBJECT_CONVERSION = YES_AGGRESSIVE;
				CLANG_CXX_LANGUAGE_STANDARD = "gnu++20";
				CLANG_ENABLE_MODULES = YES;
				CLANG_ENABLE_OBJC_ARC = YES;
				CLANG_ENABLE_OBJC_WEAK = YES;
				CLANG_WARN_BLOCK_CAPTURE_AUTORELEASING = YES;
				CLANG_WARN_BOOL_CONVERSION = YES;
				CLANG_WARN_COMMA = YES;
				CLANG_WARN_CONSTANT_CONVERSION = YES;
				CLANG_WARN_DEPRECATED_OBJC_IMPLEMENTATIONS = YES;
				CLANG_WARN_DIRECT_OBJC_ISA_USAGE = YES_ERROR;
				CLANG_WARN_DOCUMENTATION_COMMENTS = YES;
				CLANG_WARN_EMPTY_BODY = YES;
				CLANG_WARN_ENUM_CONVERSION = YES;
				CLANG_WARN_INFINITE_RECURSION = YES;
				CLANG_WARN_INT_CONVERSION = YES;
				CLANG_WARN_NON_LITERAL_NULL_CONVERSION = YES;
				CLANG_WARN_OBJC_IMPLICIT_RETAIN_SELF = YES;
				CLANG_WARN_OBJC_LITERAL_CONVERSION = YES;
				CLANG_WARN_OBJC_ROOT_CLASS = YES_ERROR;
				CLANG_WARN_QUOTED_INCLUDE_IN_FRAMEWORK_HEADER = YES;
				CLANG_WARN_RANGE_LOOP_ANALYSIS = YES;
				CLANG_WARN_STRICT_PROTOTYPES = YES;
				CLANG_WARN_SUSPICIOUS_MOVE = YES;
				CLANG_WARN_UNGUARDED_AVAILABILITY = YES_AGGRESSIVE;
				CLANG_WARN_UNREACHABLE_CODE = YES;
				CLANG_WARN__DUPLICATE_METHOD_MATCH = YES;
				COPY_PHASE_STRIP = NO;
				DEBUG_INFORMATION_FORMAT = dwarf;
				ENABLE_STRICT_OBJC_MSGSEND = YES;
				ENABLE_TESTABILITY = YES;
				GCC_C_LANGUAGE_STANDARD = gnu11;
				GCC_DYNAMIC_NO_PIC = NO;
				GCC_NO_COMMON_BLOCKS = YES;
				GCC_OPTIMIZATION_LEVEL = 0;
				GCC_PREPROCESSOR_DEFINITIONS = (
					"DEBUG=1",
					"$(inherited)",
				);
				GCC_WARN_64_TO_32_BIT_CONVERSION = YES;
				GCC_WARN_ABOUT_RETURN_TYPE = YES_ERROR;
				GCC_WARN_UNDECLARED_SELECTOR = YES;
				GCC_WARN_UNINITIALIZED_AUTOS = YES_AGGRESSIVE;
				GCC_WARN_UNUSED_FUNCTION = YES;
				GCC_WARN_UNUSED_VARIABLE = YES;
				IPHONEOS_DEPLOYMENT_TARGET = 16.2;
				MTL_ENABLE_DEBUG_INFO = INCLUDE_SOURCE;
				MTL_FAST_MATH = YES;
				ONLY_ACTIVE_ARCH = YES;
				SDKROOT = iphoneos;
				SWIFT_ACTIVE_COMPILATION_CONDITIONS = DEBUG;
				SWIFT_OPTIMIZATION_LEVEL = "-Onone";
			};
			name = Debug;
		};
		3F5B93F829A6DA960019CEEC /* Release */ = {
			isa = XCBuildConfiguration;
			buildSettings = {
				ALWAYS_SEARCH_USER_PATHS = NO;
				CLANG_ANALYZER_NONNULL = YES;
				CLANG_ANALYZER_NUMBER_OBJECT_CONVERSION = YES_AGGRESSIVE;
				CLANG_CXX_LANGUAGE_STANDARD = "gnu++20";
				CLANG_ENABLE_MODULES = YES;
				CLANG_ENABLE_OBJC_ARC = YES;
				CLANG_ENABLE_OBJC_WEAK = YES;
				CLANG_WARN_BLOCK_CAPTURE_AUTORELEASING = YES;
				CLANG_WARN_BOOL_CONVERSION = YES;
				CLANG_WARN_COMMA = YES;
				CLANG_WARN_CONSTANT_CONVERSION = YES;
				CLANG_WARN_DEPRECATED_OBJC_IMPLEMENTATIONS = YES;
				CLANG_WARN_DIRECT_OBJC_ISA_USAGE = YES_ERROR;
				CLANG_WARN_DOCUMENTATION_COMMENTS = YES;
				CLANG_WARN_EMPTY_BODY = YES;
				CLANG_WARN_ENUM_CONVERSION = YES;
				CLANG_WARN_INFINITE_RECURSION = YES;
				CLANG_WARN_INT_CONVERSION = YES;
				CLANG_WARN_NON_LITERAL_NULL_CONVERSION = YES;
				CLANG_WARN_OBJC_IMPLICIT_RETAIN_SELF = YES;
				CLANG_WARN_OBJC_LITERAL_CONVERSION = YES;
				CLANG_WARN_OBJC_ROOT_CLASS = YES_ERROR;
				CLANG_WARN_QUOTED_INCLUDE_IN_FRAMEWORK_HEADER = YES;
				CLANG_WARN_RANGE_LOOP_ANALYSIS = YES;
				CLANG_WARN_STRICT_PROTOTYPES = YES;
				CLANG_WARN_SUSPICIOUS_MOVE = YES;
				CLANG_WARN_UNGUARDED_AVAILABILITY = YES_AGGRESSIVE;
				CLANG_WARN_UNREACHABLE_CODE = YES;
				CLANG_WARN__DUPLICATE_METHOD_MATCH = YES;
				COPY_PHASE_STRIP = NO;
				DEBUG_INFORMATION_FORMAT = "dwarf-with-dsym";
				ENABLE_NS_ASSERTIONS = NO;
				ENABLE_STRICT_OBJC_MSGSEND = YES;
				GCC_C_LANGUAGE_STANDARD = gnu11;
				GCC_NO_COMMON_BLOCKS = YES;
				GCC_WARN_64_TO_32_BIT_CONVERSION = YES;
				GCC_WARN_ABOUT_RETURN_TYPE = YES_ERROR;
				GCC_WARN_UNDECLARED_SELECTOR = YES;
				GCC_WARN_UNINITIALIZED_AUTOS = YES_AGGRESSIVE;
				GCC_WARN_UNUSED_FUNCTION = YES;
				GCC_WARN_UNUSED_VARIABLE = YES;
				IPHONEOS_DEPLOYMENT_TARGET = 16.2;
				MTL_ENABLE_DEBUG_INFO = NO;
				MTL_FAST_MATH = YES;
				SDKROOT = iphoneos;
				SWIFT_COMPILATION_MODE = wholemodule;
				SWIFT_OPTIMIZATION_LEVEL = "-O";
				VALIDATE_PRODUCT = YES;
			};
			name = Release;
		};
		3F5B93FA29A6DA960019CEEC /* Debug */ = {
			isa = XCBuildConfiguration;
			buildSettings = {
				ASSETCATALOG_COMPILER_APPICON_NAME = AppIcon;
				ASSETCATALOG_COMPILER_GLOBAL_ACCENT_COLOR_NAME = AccentColor;
				CODE_SIGN_STYLE = Automatic;
				CURRENT_PROJECT_VERSION = 1;
				DEVELOPMENT_ASSET_PATHS = "\"Socialcademy/Preview Content\"";
				ENABLE_PREVIEWS = YES;
				GENERATE_INFOPLIST_FILE = YES;
				INFOPLIST_KEY_UIApplicationSceneManifest_Generation = YES;
				INFOPLIST_KEY_UIApplicationSupportsIndirectInputEvents = YES;
				INFOPLIST_KEY_UILaunchScreen_Generation = YES;
				INFOPLIST_KEY_UISupportedInterfaceOrientations_iPad = "UIInterfaceOrientationPortrait UIInterfaceOrientationPortraitUpsideDown UIInterfaceOrientationLandscapeLeft UIInterfaceOrientationLandscapeRight";
				INFOPLIST_KEY_UISupportedInterfaceOrientations_iPhone = "UIInterfaceOrientationPortrait UIInterfaceOrientationLandscapeLeft UIInterfaceOrientationLandscapeRight";
				LD_RUNPATH_SEARCH_PATHS = (
					"$(inherited)",
					"@executable_path/Frameworks",
				);
				MARKETING_VERSION = 1.0;
				PRODUCT_BUNDLE_IDENTIFIER = com.andy.Socialcademy;
				PRODUCT_NAME = "$(TARGET_NAME)";
				SWIFT_EMIT_LOC_STRINGS = YES;
				SWIFT_VERSION = 5.0;
				TARGETED_DEVICE_FAMILY = "1,2";
			};
			name = Debug;
		};
		3F5B93FB29A6DA960019CEEC /* Release */ = {
			isa = XCBuildConfiguration;
			buildSettings = {
				ASSETCATALOG_COMPILER_APPICON_NAME = AppIcon;
				ASSETCATALOG_COMPILER_GLOBAL_ACCENT_COLOR_NAME = AccentColor;
				CODE_SIGN_STYLE = Automatic;
				CURRENT_PROJECT_VERSION = 1;
				DEVELOPMENT_ASSET_PATHS = "\"Socialcademy/Preview Content\"";
				ENABLE_PREVIEWS = YES;
				GENERATE_INFOPLIST_FILE = YES;
				INFOPLIST_KEY_UIApplicationSceneManifest_Generation = YES;
				INFOPLIST_KEY_UIApplicationSupportsIndirectInputEvents = YES;
				INFOPLIST_KEY_UILaunchScreen_Generation = YES;
				INFOPLIST_KEY_UISupportedInterfaceOrientations_iPad = "UIInterfaceOrientationPortrait UIInterfaceOrientationPortraitUpsideDown UIInterfaceOrientationLandscapeLeft UIInterfaceOrientationLandscapeRight";
				INFOPLIST_KEY_UISupportedInterfaceOrientations_iPhone = "UIInterfaceOrientationPortrait UIInterfaceOrientationLandscapeLeft UIInterfaceOrientationLandscapeRight";
				LD_RUNPATH_SEARCH_PATHS = (
					"$(inherited)",
					"@executable_path/Frameworks",
				);
				MARKETING_VERSION = 1.0;
				PRODUCT_BUNDLE_IDENTIFIER = com.andy.Socialcademy;
				PRODUCT_NAME = "$(TARGET_NAME)";
				SWIFT_EMIT_LOC_STRINGS = YES;
				SWIFT_VERSION = 5.0;
				TARGETED_DEVICE_FAMILY = "1,2";
			};
			name = Release;
		};
		3F5B93FD29A6DA960019CEEC /* Debug */ = {
			isa = XCBuildConfiguration;
			buildSettings = {
				ALWAYS_EMBED_SWIFT_STANDARD_LIBRARIES = YES;
				BUNDLE_LOADER = "$(TEST_HOST)";
				CODE_SIGN_STYLE = Automatic;
				CURRENT_PROJECT_VERSION = 1;
				GENERATE_INFOPLIST_FILE = YES;
				IPHONEOS_DEPLOYMENT_TARGET = 16.2;
				MARKETING_VERSION = 1.0;
				PRODUCT_BUNDLE_IDENTIFIER = com.andy.SocialcademyTests;
				PRODUCT_NAME = "$(TARGET_NAME)";
				SWIFT_EMIT_LOC_STRINGS = NO;
				SWIFT_VERSION = 5.0;
				TARGETED_DEVICE_FAMILY = "1,2";
				TEST_HOST = "$(BUILT_PRODUCTS_DIR)/Socialcademy.app/$(BUNDLE_EXECUTABLE_FOLDER_PATH)/Socialcademy";
			};
			name = Debug;
		};
		3F5B93FE29A6DA960019CEEC /* Release */ = {
			isa = XCBuildConfiguration;
			buildSettings = {
				ALWAYS_EMBED_SWIFT_STANDARD_LIBRARIES = YES;
				BUNDLE_LOADER = "$(TEST_HOST)";
				CODE_SIGN_STYLE = Automatic;
				CURRENT_PROJECT_VERSION = 1;
				GENERATE_INFOPLIST_FILE = YES;
				IPHONEOS_DEPLOYMENT_TARGET = 16.2;
				MARKETING_VERSION = 1.0;
				PRODUCT_BUNDLE_IDENTIFIER = com.andy.SocialcademyTests;
				PRODUCT_NAME = "$(TARGET_NAME)";
				SWIFT_EMIT_LOC_STRINGS = NO;
				SWIFT_VERSION = 5.0;
				TARGETED_DEVICE_FAMILY = "1,2";
				TEST_HOST = "$(BUILT_PRODUCTS_DIR)/Socialcademy.app/$(BUNDLE_EXECUTABLE_FOLDER_PATH)/Socialcademy";
			};
			name = Release;
		};
		3F5B940029A6DA960019CEEC /* Debug */ = {
			isa = XCBuildConfiguration;
			buildSettings = {
				ALWAYS_EMBED_SWIFT_STANDARD_LIBRARIES = YES;
				CODE_SIGN_STYLE = Automatic;
				CURRENT_PROJECT_VERSION = 1;
				GENERATE_INFOPLIST_FILE = YES;
				MARKETING_VERSION = 1.0;
				PRODUCT_BUNDLE_IDENTIFIER = com.andy.SocialcademyUITests;
				PRODUCT_NAME = "$(TARGET_NAME)";
				SWIFT_EMIT_LOC_STRINGS = NO;
				SWIFT_VERSION = 5.0;
				TARGETED_DEVICE_FAMILY = "1,2";
				TEST_TARGET_NAME = Socialcademy;
			};
			name = Debug;
		};
		3F5B940129A6DA960019CEEC /* Release */ = {
			isa = XCBuildConfiguration;
			buildSettings = {
				ALWAYS_EMBED_SWIFT_STANDARD_LIBRARIES = YES;
				CODE_SIGN_STYLE = Automatic;
				CURRENT_PROJECT_VERSION = 1;
				GENERATE_INFOPLIST_FILE = YES;
				MARKETING_VERSION = 1.0;
				PRODUCT_BUNDLE_IDENTIFIER = com.andy.SocialcademyUITests;
				PRODUCT_NAME = "$(TARGET_NAME)";
				SWIFT_EMIT_LOC_STRINGS = NO;
				SWIFT_VERSION = 5.0;
				TARGETED_DEVICE_FAMILY = "1,2";
				TEST_TARGET_NAME = Socialcademy;
			};
			name = Release;
		};
/* End XCBuildConfiguration section */

/* Begin XCConfigurationList section */
		3F5B93D029A6DA960019CEEC /* Build configuration list for PBXProject "Socialcademy" */ = {
			isa = XCConfigurationList;
			buildConfigurations = (
				3F5B93F729A6DA960019CEEC /* Debug */,
				3F5B93F829A6DA960019CEEC /* Release */,
			);
			defaultConfigurationIsVisible = 0;
			defaultConfigurationName = Release;
		};
		3F5B93F929A6DA960019CEEC /* Build configuration list for PBXNativeTarget "Socialcademy" */ = {
			isa = XCConfigurationList;
			buildConfigurations = (
				3F5B93FA29A6DA960019CEEC /* Debug */,
				3F5B93FB29A6DA960019CEEC /* Release */,
			);
			defaultConfigurationIsVisible = 0;
			defaultConfigurationName = Release;
		};
		3F5B93FC29A6DA960019CEEC /* Build configuration list for PBXNativeTarget "SocialcademyTests" */ = {
			isa = XCConfigurationList;
			buildConfigurations = (
				3F5B93FD29A6DA960019CEEC /* Debug */,
				3F5B93FE29A6DA960019CEEC /* Release */,
			);
			defaultConfigurationIsVisible = 0;
			defaultConfigurationName = Release;
		};
		3F5B93FF29A6DA960019CEEC /* Build configuration list for PBXNativeTarget "SocialcademyUITests" */ = {
			isa = XCConfigurationList;
			buildConfigurations = (
				3F5B940029A6DA960019CEEC /* Debug */,
				3F5B940129A6DA960019CEEC /* Release */,
			);
			defaultConfigurationIsVisible = 0;
			defaultConfigurationName = Release;
		};
/* End XCConfigurationList section */

/* Begin XCRemoteSwiftPackageReference section */
		3F7D946129A6F1ED0079A466 /* XCRemoteSwiftPackageReference "firebase-ios-sdk" */ = {
			isa = XCRemoteSwiftPackageReference;
			repositoryURL = "https://github.com/firebase/firebase-ios-sdk.git";
			requirement = {
				kind = upToNextMajorVersion;
				minimumVersion = 9.0.0;
			};
		};
/* End XCRemoteSwiftPackageReference section */

/* Begin XCSwiftPackageProductDependency section */
		3F7D946229A6F1ED0079A466 /* FirebaseAnalytics */ = {
			isa = XCSwiftPackageProductDependency;
			package = 3F7D946129A6F1ED0079A466 /* XCRemoteSwiftPackageReference "firebase-ios-sdk" */;
			productName = FirebaseAnalytics;
		};
		3F7D946429A6F1ED0079A466 /* FirebaseFirestore */ = {
			isa = XCSwiftPackageProductDependency;
			package = 3F7D946129A6F1ED0079A466 /* XCRemoteSwiftPackageReference "firebase-ios-sdk" */;
			productName = FirebaseFirestore;
		};
		3F7D946629A6F1ED0079A466 /* FirebaseFirestoreSwift */ = {
			isa = XCSwiftPackageProductDependency;
			package = 3F7D946129A6F1ED0079A466 /* XCRemoteSwiftPackageReference "firebase-ios-sdk" */;
			productName = FirebaseFirestoreSwift;
		};
/* End XCSwiftPackageProductDependency section */
	};
	rootObject = 3F5B93CD29A6DA960019CEEC /* Project object */;
}
